github.com/gohugoio/hugo-mod-jslibs-dist/popperjs/v2 v2.21100.20000 h1:GZxx4Hc+yb0/t3/rau1j8XlAxLE4CyXns2fqQbyqWfs=
github.com/gohugoio/hugo-mod-jslibs-dist/popperjs/v2 v2.21100.20000/go.mod h1:mFberT6ZtcchrsDtfvJM7aAH2bDKLdOnruUHl0hlapI=
github.com/gohugoio/hugo-mod-jslibs-dist/popperjs/v2 v2.21100.20001-0.20220721080824-9446184f84a8 h1:MGXkdx5pMePxLV+NyQqnCs+D2jaE+yyq7v3v477VGkk=
github.com/gohugoio/hugo-mod-jslibs-dist/popperjs/v2 v2.21100.20001-0.20220721080824-9446184f84a8/go.mod h1:mFberT6ZtcchrsDtfvJM7aAH2bDKLdOnruUHl0hlapI=
github.com/juggernautjp/hugo-widebs5-theme v0.1.1-0.20230208151852-5ad9b78a0920 h1:P/K06Ffvhmu/9ppg2HHKxKNgkc+Hfh3loLJ4igYdNv4=
github.com/juggernautjp/hugo-widebs5-theme v0.1.1-0.20230208151852-5ad9b78a0920/go.mod h1:Dt1UVHvk8a/oP54RPKopdTXuDZqS/hLrG7PDzm1RJk8=
github.com/juggernautjp/hugo-widebs5-theme v0.1.1 h1:B1Og5rMLjmhlJOOhRPz206hRcqc1zY080r5qsxKI2zk=
github.com/juggernautjp/hugo-widebs5-theme v0.1.1/go.mod h1:Dt1UVHvk8a/oP54RPKopdTXuDZqS/hLrG7PDzm1RJk8=
github.com/twbs/bootstrap v5.2.3+incompatible h1:lOmsJx587qfF7/gE7Vv4FxEofegyJlEACeVV+Mt7cgc=
github.com/twbs/bootstrap v5.2.3+incompatible/go.mod h1:fZTSrkpSf0/HkL0IIJzvVspTt1r9zuf7XlZau8kpcY0=
github.com/twbs/bootstrap v5.3.0-alpha1.0.20230206120820-cbc4e3a40985+incompatible h1:FQJzTrYYk+qGYEb4oiQlcAUBKykaw+qPRmHXqicRLgw=
github.com/twbs/bootstrap v5.3.0-alpha1.0.20230206120820-cbc4e3a40985+incompatible/go.mod h1:fZTSrkpSf0/HkL0IIJzvVspTt1r9zuf7XlZau8kpcY0=
